<?xml version="1.0" encoding="utf-8"?>
<Project ToolsVersion="4.0" xmlns="http://schemas.microsoft.com/developer/msbuild/2003">
  <ItemGroup>
    <Filter Include="Header Files">
      <UniqueIdentifier>{e850f24d-093f-4c30-a99c-413a7dfa71b8}</UniqueIdentifier>
    </Filter>
    <Filter Include="Resource Files">
      <UniqueIdentifier>{f18cd969-acc3-480c-9147-ea3ae1c8ba92}</UniqueIdentifier>
    </Filter>
    <Filter Include="Source Files">
      <UniqueIdentifier>{bdd0568e-d423-4fcc-affe-6ba0c2a40f78}</UniqueIdentifier>
    </Filter>
    <Filter Include="Header Files\src">
      <UniqueIdentifier>{60d0e8db-a653-43bc-852b-44f83e683787}</UniqueIdentifier>
    </Filter>
    <Filter Include="Header Files\src\dvdcss">
      <UniqueIdentifier>{63c40443-4e21-4bc2-9e25-595e5d5857c9}</UniqueIdentifier>
    </Filter>
  </ItemGroup>
  <ItemGroup>
    <ClInclude Include="config.h">
      <Filter>Header Files</Filter>
    </ClInclude>
    <ClInclude Include="..\src\device.h">
      <Filter>Header Files\src</Filter>
    </ClInclude>
    <ClInclude Include="..\src\ioctl.h">
      <Filter>Header Files\src</Filter>
    </ClInclude>
    <ClInclude Include="..\src\libdvdcss.h">
      <Filter>Header Files\src</Filter>
    </ClInclude>
    <ClInclude Include="..\src\common.h">
      <Filter>Header Files\src</Filter>
    </ClInclude>
    <ClInclude Include="..\src\css.h">
      <Filter>Header Files\src</Filter>
    </ClInclude>
    <ClInclude Include="..\src\csstables.h">
      <Filter>Header Files\src</Filter>
    </ClInclude>
    <ClInclude Include="..\src\dvdcss\dvdcss.h">
      <Filter>Header Files\src\dvdcss</Filter>
    </ClInclude>
  </ItemGroup>
  <ItemGroup>
    <ClCompile Include="..\src\libdvdcss.c">
      <Filter>Source Files</Filter>
    </ClCompile>
    <ClCompile Include="..\src\css.c">
      <Filter>Source Files</Filter>
    </ClCompile>
    <ClCompile Include="..\src\device.c">
      <Filter>Source Files</Filter>
    </ClCompile>
    <ClCompile Include="..\src\error.c">
      <Filter>Source Files</Filter>
    </ClCompile>
    <ClCompile Include="..\src\ioctl.c">
      <Filter>Source Files</Filter>
    </ClCompile>
    <ClCompile Include="..\msvc\uwpapi.cpp">
      <Filter>Source Files</Filter>
    </ClCompile>
  </ItemGroup>
</Project>